
Microsoft Visual Studio Solution File, Format Version 12.00
# Visual Studio Version 16
VisualStudioVersion = 16.0.31005.135
MinimumVisualStudioVersion = 10.0.40219.1
Project("{FAE04EC0-301F-11D3-BF4B-00C04F79EFBC}") = "Memoria.FF1", "Memoria.FF1\Memoria.FF1.csproj", "{7CF67936-43E7-44A6-AF1F-819B5475C216}"
EndProject
Project("{FAE04EC0-301F-11D3-BF4B-00C04F79EFBC}") = "Memoria.FF2", "Memoria.FF2\Memoria.FF2.csproj", "{26FE68D2-A964-448E-A3B5-CBA492B76BDD}"
EndProject
Project("{FAE04EC0-301F-11D3-BF4B-00C04F79EFBC}") = "Memoria.FF3", "Memoria.FF3\Memoria.FF3.csproj", "{BDEBA1E6-99F7-4D25-8641-DD6C5CEF7DF9}"
EndProject
Project("{FAE04EC0-301F-11D3-BF4B-00C04F79EFBC}") = "Memoria.FF4", "Memoria.FF4\Memoria.FF4.csproj", "{EAB12752-F0A0-4093-8BF6-D2EB4162D16B}"
EndProject
Global
	GlobalSection(SolutionConfigurationPlatforms) = preSolution
		All|Any CPU = All|Any CPU
		All|x64 = All|x64
		Debug|Any CPU = Debug|Any CPU
		Debug|x64 = Debug|x64
		FF1|Any CPU = FF1|Any CPU
		FF1|x64 = FF1|x64
		FF2|Any CPU = FF2|Any CPU
		FF2|x64 = FF2|x64
		FF3|Any CPU = FF3|Any CPU
		FF3|x64 = FF3|x64
		Release|Any CPU = Release|Any CPU
		Release|x64 = Release|x64
	EndGlobalSection
	GlobalSection(ProjectConfigurationPlatforms) = postSolution
		{7CF67936-43E7-44A6-AF1F-819B5475C216}.All|Any CPU.ActiveCfg = Debug|Any CPU
		{7CF67936-43E7-44A6-AF1F-819B5475C216}.All|Any CPU.Build.0 = Debug|Any CPU
		{7CF67936-43E7-44A6-AF1F-819B5475C216}.All|x64.ActiveCfg = Debug|Any CPU
		{7CF67936-43E7-44A6-AF1F-819B5475C216}.All|x64.Build.0 = Debug|Any CPU
		{7CF67936-43E7-44A6-AF1F-819B5475C216}.Debug|Any CPU.ActiveCfg = Debug|Any CPU
		{7CF67936-43E7-44A6-AF1F-819B5475C216}.Debug|Any CPU.Build.0 = Debug|Any CPU
		{7CF67936-43E7-44A6-AF1F-819B5475C216}.Debug|x64.ActiveCfg = Debug|Any CPU
		{7CF67936-43E7-44A6-AF1F-819B5475C216}.Debug|x64.Build.0 = Debug|Any CPU
		{7CF67936-43E7-44A6-AF1F-819B5475C216}.FF1|Any CPU.ActiveCfg = FF1|Any CPU
		{7CF67936-43E7-44A6-AF1F-819B5475C216}.FF1|Any CPU.Build.0 = FF1|Any CPU
		{7CF67936-43E7-44A6-AF1F-819B5475C216}.FF1|x64.ActiveCfg = FF1|Any CPU
		{7CF67936-43E7-44A6-AF1F-819B5475C216}.FF1|x64.Build.0 = FF1|Any CPU
		{7CF67936-43E7-44A6-AF1F-819B5475C216}.FF2|Any CPU.ActiveCfg = FF2|Any CPU
		{7CF67936-43E7-44A6-AF1F-819B5475C216}.FF2|x64.ActiveCfg = FF2|Any CPU
		{7CF67936-43E7-44A6-AF1F-819B5475C216}.FF2|x64.Build.0 = FF2|Any CPU
		{7CF67936-43E7-44A6-AF1F-819B5475C216}.FF3|Any CPU.ActiveCfg = FF3|Any CPU
		{7CF67936-43E7-44A6-AF1F-819B5475C216}.FF3|x64.ActiveCfg = FF3|Any CPU
		{7CF67936-43E7-44A6-AF1F-819B5475C216}.FF3|x64.Build.0 = FF3|Any CPU
		{7CF67936-43E7-44A6-AF1F-819B5475C216}.Release|Any CPU.ActiveCfg = Debug|Any CPU
		{7CF67936-43E7-44A6-AF1F-819B5475C216}.Release|Any CPU.Build.0 = Debug|Any CPU
		{7CF67936-43E7-44A6-AF1F-819B5475C216}.Release|x64.ActiveCfg = Debug|Any CPU
		{7CF67936-43E7-44A6-AF1F-819B5475C216}.Release|x64.Build.0 = Debug|Any CPU
		{26FE68D2-A964-448E-A3B5-CBA492B76BDD}.All|Any CPU.ActiveCfg = Debug|Any CPU
		{26FE68D2-A964-448E-A3B5-CBA492B76BDD}.All|Any CPU.Build.0 = Debug|Any CPU
		{26FE68D2-A964-448E-A3B5-CBA492B76BDD}.All|x64.ActiveCfg = Debug|Any CPU
		{26FE68D2-A964-448E-A3B5-CBA492B76BDD}.All|x64.Build.0 = Debug|Any CPU
		{26FE68D2-A964-448E-A3B5-CBA492B76BDD}.Debug|Any CPU.ActiveCfg = Debug|Any CPU
		{26FE68D2-A964-448E-A3B5-CBA492B76BDD}.Debug|Any CPU.Build.0 = Debug|Any CPU
		{26FE68D2-A964-448E-A3B5-CBA492B76BDD}.Debug|x64.ActiveCfg = Debug|Any CPU
		{26FE68D2-A964-448E-A3B5-CBA492B76BDD}.Debug|x64.Build.0 = Debug|Any CPU
		{26FE68D2-A964-448E-A3B5-CBA492B76BDD}.FF1|Any CPU.ActiveCfg = FF1|Any CPU
		{26FE68D2-A964-448E-A3B5-CBA492B76BDD}.FF1|x64.ActiveCfg = FF1|Any CPU
		{26FE68D2-A964-448E-A3B5-CBA492B76BDD}.FF1|x64.Build.0 = FF1|Any CPU
		{26FE68D2-A964-448E-A3B5-CBA492B76BDD}.FF2|Any CPU.ActiveCfg = FF2|Any CPU
		{26FE68D2-A964-448E-A3B5-CBA492B76BDD}.FF2|Any CPU.Build.0 = FF2|Any CPU
		{26FE68D2-A964-448E-A3B5-CBA492B76BDD}.FF2|x64.ActiveCfg = FF2|Any CPU
		{26FE68D2-A964-448E-A3B5-CBA492B76BDD}.FF2|x64.Build.0 = FF2|Any CPU
		{26FE68D2-A964-448E-A3B5-CBA492B76BDD}.FF3|Any CPU.ActiveCfg = FF3|Any CPU
		{26FE68D2-A964-448E-A3B5-CBA492B76BDD}.FF3|x64.ActiveCfg = FF3|Any CPU
		{26FE68D2-A964-448E-A3B5-CBA492B76BDD}.FF3|x64.Build.0 = FF3|Any CPU
		{26FE68D2-A964-448E-A3B5-CBA492B76BDD}.Release|Any CPU.ActiveCfg = Debug|Any CPU
		{26FE68D2-A964-448E-A3B5-CBA492B76BDD}.Release|Any CPU.Build.0 = Debug|Any CPU
		{26FE68D2-A964-448E-A3B5-CBA492B76BDD}.Release|x64.ActiveCfg = Debug|Any CPU
		{26FE68D2-A964-448E-A3B5-CBA492B76BDD}.Release|x64.Build.0 = Debug|Any CPU
		{BDEBA1E6-99F7-4D25-8641-DD6C5CEF7DF9}.All|Any CPU.ActiveCfg = Debug|Any CPU
		{BDEBA1E6-99F7-4D25-8641-DD6C5CEF7DF9}.All|Any CPU.Build.0 = Debug|Any CPU
		{BDEBA1E6-99F7-4D25-8641-DD6C5CEF7DF9}.All|x64.ActiveCfg = Debug|Any CPU
		{BDEBA1E6-99F7-4D25-8641-DD6C5CEF7DF9}.All|x64.Build.0 = Debug|Any CPU
		{BDEBA1E6-99F7-4D25-8641-DD6C5CEF7DF9}.Debug|Any CPU.ActiveCfg = Debug|Any CPU
		{BDEBA1E6-99F7-4D25-8641-DD6C5CEF7DF9}.Debug|Any CPU.Build.0 = Debug|Any CPU
		{BDEBA1E6-99F7-4D25-8641-DD6C5CEF7DF9}.Debug|x64.ActiveCfg = Debug|Any CPU
		{BDEBA1E6-99F7-4D25-8641-DD6C5CEF7DF9}.Debug|x64.Build.0 = Debug|Any CPU
		{BDEBA1E6-99F7-4D25-8641-DD6C5CEF7DF9}.FF1|Any CPU.ActiveCfg = FF1|Any CPU
		{BDEBA1E6-99F7-4D25-8641-DD6C5CEF7DF9}.FF1|x64.ActiveCfg = FF1|Any CPU
		{BDEBA1E6-99F7-4D25-8641-DD6C5CEF7DF9}.FF1|x64.Build.0 = FF1|Any CPU
		{BDEBA1E6-99F7-4D25-8641-DD6C5CEF7DF9}.FF2|Any CPU.ActiveCfg = FF2|Any CPU
		{BDEBA1E6-99F7-4D25-8641-DD6C5CEF7DF9}.FF2|x64.ActiveCfg = FF2|Any CPU
		{BDEBA1E6-99F7-4D25-8641-DD6C5CEF7DF9}.FF2|x64.Build.0 = FF2|Any CPU
		{BDEBA1E6-99F7-4D25-8641-DD6C5CEF7DF9}.FF3|Any CPU.ActiveCfg = FF3|Any CPU
		{BDEBA1E6-99F7-4D25-8641-DD6C5CEF7DF9}.FF3|Any CPU.Build.0 = FF3|Any CPU
		{BDEBA1E6-99F7-4D25-8641-DD6C5CEF7DF9}.FF3|x64.ActiveCfg = FF3|Any CPU
		{BDEBA1E6-99F7-4D25-8641-DD6C5CEF7DF9}.FF3|x64.Build.0 = FF3|Any CPU
		{BDEBA1E6-99F7-4D25-8641-DD6C5CEF7DF9}.Release|Any CPU.ActiveCfg = Debug|Any CPU
		{BDEBA1E6-99F7-4D25-8641-DD6C5CEF7DF9}.Release|Any CPU.Build.0 = Debug|Any CPU
		{BDEBA1E6-99F7-4D25-8641-DD6C5CEF7DF9}.Release|x64.ActiveCfg = Debug|Any CPU
		{BDEBA1E6-99F7-4D25-8641-DD6C5CEF7DF9}.Release|x64.Build.0 = Debug|Any CPU
		{EAB12752-F0A0-4093-8BF6-D2EB4162D16B}.All|Any CPU.ActiveCfg = Debug|Any CPU
		{EAB12752-F0A0-4093-8BF6-D2EB4162D16B}.All|Any CPU.Build.0 = Debug|Any CPU
		{EAB12752-F0A0-4093-8BF6-D2EB4162D16B}.All|x64.ActiveCfg = Debug|x64
		{EAB12752-F0A0-4093-8BF6-D2EB4162D16B}.All|x64.Build.0 = Debug|x64
		{EAB12752-F0A0-4093-8BF6-D2EB4162D16B}.Debug|Any CPU.ActiveCfg = Debug|Any CPU
		{EAB12752-F0A0-4093-8BF6-D2EB4162D16B}.Debug|Any CPU.Build.0 = Debug|Any CPU
		{EAB12752-F0A0-4093-8BF6-D2EB4162D16B}.Debug|x64.ActiveCfg = Debug|Any CPU
		{EAB12752-F0A0-4093-8BF6-D2EB4162D16B}.Debug|x64.Build.0 = Debug|Any CPU
		{EAB12752-F0A0-4093-8BF6-D2EB4162D16B}.FF1|Any CPU.ActiveCfg = Debug|Any CPU
		{EAB12752-F0A0-4093-8BF6-D2EB4162D16B}.FF1|Any CPU.Build.0 = Debug|Any CPU
		{EAB12752-F0A0-4093-8BF6-D2EB4162D16B}.FF1|x64.ActiveCfg = Debug|x64
		{EAB12752-F0A0-4093-8BF6-D2EB4162D16B}.FF1|x64.Build.0 = Debug|x64
		{EAB12752-F0A0-4093-8BF6-D2EB4162D16B}.FF2|Any CPU.ActiveCfg = Debug|Any CPU
		{EAB12752-F0A0-4093-8BF6-D2EB4162D16B}.FF2|Any CPU.Build.0 = Debug|Any CPU
		{EAB12752-F0A0-4093-8BF6-D2EB4162D16B}.FF2|x64.ActiveCfg = Debug|x64
		{EAB12752-F0A0-4093-8BF6-D2EB4162D16B}.FF2|x64.Build.0 = Debug|x64
		{EAB12752-F0A0-4093-8BF6-D2EB4162D16B}.FF3|Any CPU.ActiveCfg = Debug|Any CPU
		{EAB12752-F0A0-4093-8BF6-D2EB4162D16B}.FF3|Any CPU.Build.0 = Debug|Any CPU
		{EAB12752-F0A0-4093-8BF6-D2EB4162D16B}.FF3|x64.ActiveCfg = Debug|x64
		{EAB12752-F0A0-4093-8BF6-D2EB4162D16B}.FF3|x64.Build.0 = Debug|x64
		{EAB12752-F0A0-4093-8BF6-D2EB4162D16B}.Release|Any CPU.ActiveCfg = Release|Any CPU
		{EAB12752-F0A0-4093-8BF6-D2EB4162D16B}.Release|Any CPU.Build.0 = Release|Any CPU
		{EAB12752-F0A0-4093-8BF6-D2EB4162D16B}.Release|x64.ActiveCfg = Release|x64
		{EAB12752-F0A0-4093-8BF6-D2EB4162D16B}.Release|x64.Build.0 = Release|x64
	EndGlobalSection
	GlobalSection(SolutionProperties) = preSolution
		HideSolutionNode = FALSE
	EndGlobalSection
	GlobalSection(ExtensibilityGlobals) = postSolution
		SolutionGuid = {4A4E9FB0-B447-4A73-921A-0593BC2398C1}
	EndGlobalSection
EndGlobal
